
Microsoft Visual Studio Solution File, Format Version 12.00
# Visual Studio Version 17
VisualStudioVersion = 17.0.31903.59
MinimumVisualStudioVersion = 10.0.40219.1
Project("{FAE04EC0-301F-11D3-BF4B-00C04F79EFBC}") = "ProjetConsole", "ProjetConsole\ProjetConsole.csproj", "{5EEDA143-A770-46A2-BF6E-03145ECEA3E2}"
EndProject
Project("{FAE04EC0-301F-11D3-BF4B-00C04F79EFBC}") = "Classes", "Classes\Classes.csproj", "{64406A78-C1B9-4477-8F3A-F62439A4D432}"
EndProject
Project("{FAE04EC0-301F-11D3-BF4B-00C04F79EFBC}") = "Test", "Test\Test.csproj", "{7371535B-9049-4B38-810D-756FDD70DB77}"
EndProject
Global
	GlobalSection(SolutionConfigurationPlatforms) = preSolution
		Debug|Any CPU = Debug|Any CPU
		Release|Any CPU = Release|Any CPU
	EndGlobalSection
	GlobalSection(SolutionProperties) = preSolution
		HideSolutionNode = FALSE
	EndGlobalSection
	GlobalSection(ProjectConfigurationPlatforms) = postSolution
		{5EEDA143-A770-46A2-BF6E-03145ECEA3E2}.Debug|Any CPU.ActiveCfg = Debug|Any CPU
		{5EEDA143-A770-46A2-BF6E-03145ECEA3E2}.Debug|Any CPU.Build.0 = Debug|Any CPU
		{5EEDA143-A770-46A2-BF6E-03145ECEA3E2}.Release|Any CPU.ActiveCfg = Release|Any CPU
		{5EEDA143-A770-46A2-BF6E-03145ECEA3E2}.Release|Any CPU.Build.0 = Release|Any CPU
		{64406A78-C1B9-4477-8F3A-F62439A4D432}.Debug|Any CPU.ActiveCfg = Debug|Any CPU
		{64406A78-C1B9-4477-8F3A-F62439A4D432}.Debug|Any CPU.Build.0 = Debug|Any CPU
		{64406A78-C1B9-4477-8F3A-F62439A4D432}.Release|Any CPU.ActiveCfg = Release|Any CPU
		{64406A78-C1B9-4477-8F3A-F62439A4D432}.Release|Any CPU.Build.0 = Release|Any CPU
		{7371535B-9049-4B38-810D-756FDD70DB77}.Debug|Any CPU.ActiveCfg = Debug|Any CPU
		{7371535B-9049-4B38-810D-756FDD70DB77}.Debug|Any CPU.Build.0 = Debug|Any CPU
		{7371535B-9049-4B38-810D-756FDD70DB77}.Release|Any CPU.ActiveCfg = Release|Any CPU
		{7371535B-9049-4B38-810D-756FDD70DB77}.Release|Any CPU.Build.0 = Release|Any CPU
	EndGlobalSection
EndGlobal
